PATH
  remote: .
  specs:
    masks-client (0.1.0)
      jwt (~> 3.1)

GEM
  remote: https://rubygems.org/
  specs:
    base64 (0.3.0)
    jwt (3.2.0)
      base64
    minitest (5.27.0)
    rake (13.4.2)

PLATFORMS
  arm64-darwin-25
  ruby

DEPENDENCIES
  masks-client!
  minitest (~> 5.25)
  rake (~> 13.2)

CHECKSUMS
  base64 (0.3.0) sha256=27337aeabad6ffae05c265c450490628ef3ebd4b67be58257393227588f5a97b
  jwt (3.2.0) sha256=5419b1fe37b1da0982bd07051f573a8b8789ab724c2aa7e785e4784a3ed217d7
  masks-client (0.1.0)
  minitest (5.27.0) sha256=2d3b17f8a36fe7801c1adcffdbc38233b938eb0b4966e97a6739055a45fa77d5
  rake (13.4.2) sha256=cb825b2bd5f1f8e91ca37bddb4b9aaf345551b4731da62949be002fa89283701

BUNDLED WITH
  4.0.1
